
Microsoft Visual Studio Solution File, Format Version 12.00
# Visual Studio Version 17
VisualStudioVersion = 17.10.35027.167
MinimumVisualStudioVersion = 10.0.40219.1
Project("{FAE04EC0-301F-11D3-BF4B-00C04F79EFBC}") = "GW-HLL-DiscordVotingTool", "GW-HLL-DiscordVotingTool.csproj", "{A630981D-D2E9-4C0E-A8B7-7AFF5571D5CD}"
EndProject
Global
	GlobalSection(SolutionConfigurationPlatforms) = preSolution
		Debug|Any CPU = Debug|Any CPU
		Release|Any CPU = Release|Any CPU
	EndGlobalSection
	GlobalSection(ProjectConfigurationPlatforms) = postSolution
		{A630981D-D2E9-4C0E-A8B7-7AFF5571D5CD}.Debug|Any CPU.ActiveCfg = Debug|Any CPU
		{A630981D-D2E9-4C0E-A8B7-7AFF5571D5CD}.Debug|Any CPU.Build.0 = Debug|Any CPU
		{A630981D-D2E9-4C0E-A8B7-7AFF5571D5CD}.Release|Any CPU.ActiveCfg = Release|Any CPU
		{A630981D-D2E9-4C0E-A8B7-7AFF5571D5CD}.Release|Any CPU.Build.0 = Release|Any CPU
	EndGlobalSection
	GlobalSection(SolutionProperties) = preSolution
		HideSolutionNode = FALSE
	EndGlobalSection
	GlobalSection(ExtensibilityGlobals) = postSolution
		SolutionGuid = {AA84C850-103C-4106-A9A0-C4EA83523728}
	EndGlobalSection
EndGlobal
